
Microsoft Visual Studio Solution File, Format Version 12.00
# Visual Studio Version 16
VisualStudioVersion = 16.0.31424.327
MinimumVisualStudioVersion = 10.0.40219.1
Project("{8BC9CEB8-8B4A-11D0-8D11-00A0C91BC942}") = "StaticLib", "StaticLib\StaticLib.vcxproj", "{D0653F4C-A542-4010-82CE-14F8BA43FFB2}"
EndProject
Project("{8BC9CEB8-8B4A-11D0-8D11-00A0C91BC942}") = "DynamicLib", "DynamicLib\DynamicLib.vcxproj", "{96A68739-14D0-4B7A-B916-D441C5A24D74}"
	ProjectSection(ProjectDependencies) = postProject
		{D0653F4C-A542-4010-82CE-14F8BA43FFB2} = {D0653F4C-A542-4010-82CE-14F8BA43FFB2}
	EndProjectSection
EndProject
Project("{8BC9CEB8-8B4A-11D0-8D11-00A0C91BC942}") = "DLLRunner", "DLLRunner\DLLRunner.vcxproj", "{72C67E60-D137-4619-872B-2375C688F0B8}"
	ProjectSection(ProjectDependencies) = postProject
		{96A68739-14D0-4B7A-B916-D441C5A24D74} = {96A68739-14D0-4B7A-B916-D441C5A24D74}
		{D0653F4C-A542-4010-82CE-14F8BA43FFB2} = {D0653F4C-A542-4010-82CE-14F8BA43FFB2}
	EndProjectSection
EndProject
Global
	GlobalSection(SolutionConfigurationPlatforms) = preSolution
		Debug|x64 = Debug|x64
		Debug|x86 = Debug|x86
		Release|x64 = Release|x64
		Release|x86 = Release|x86
	EndGlobalSection
	GlobalSection(ProjectConfigurationPlatforms) = postSolution
		{D0653F4C-A542-4010-82CE-14F8BA43FFB2}.Debug|x64.ActiveCfg = Debug|x64
		{D0653F4C-A542-4010-82CE-14F8BA43FFB2}.Debug|x64.Build.0 = Debug|x64
		{D0653F4C-A542-4010-82CE-14F8BA43FFB2}.Debug|x86.ActiveCfg = Debug|Win32
		{D0653F4C-A542-4010-82CE-14F8BA43FFB2}.Debug|x86.Build.0 = Debug|Win32
		{D0653F4C-A542-4010-82CE-14F8BA43FFB2}.Release|x64.ActiveCfg = Release|x64
		{D0653F4C-A542-4010-82CE-14F8BA43FFB2}.Release|x64.Build.0 = Release|x64
		{D0653F4C-A542-4010-82CE-14F8BA43FFB2}.Release|x86.ActiveCfg = Release|Win32
		{D0653F4C-A542-4010-82CE-14F8BA43FFB2}.Release|x86.Build.0 = Release|Win32
		{96A68739-14D0-4B7A-B916-D441C5A24D74}.Debug|x64.ActiveCfg = Debug|x64
		{96A68739-14D0-4B7A-B916-D441C5A24D74}.Debug|x64.Build.0 = Debug|x64
		{96A68739-14D0-4B7A-B916-D441C5A24D74}.Debug|x86.ActiveCfg = Debug|Win32
		{96A68739-14D0-4B7A-B916-D441C5A24D74}.Debug|x86.Build.0 = Debug|Win32
		{96A68739-14D0-4B7A-B916-D441C5A24D74}.Release|x64.ActiveCfg = Release|x64
		{96A68739-14D0-4B7A-B916-D441C5A24D74}.Release|x64.Build.0 = Release|x64
		{96A68739-14D0-4B7A-B916-D441C5A24D74}.Release|x86.ActiveCfg = Release|Win32
		{96A68739-14D0-4B7A-B916-D441C5A24D74}.Release|x86.Build.0 = Release|Win32
		{72C67E60-D137-4619-872B-2375C688F0B8}.Debug|x64.ActiveCfg = Debug|x64
		{72C67E60-D137-4619-872B-2375C688F0B8}.Debug|x64.Build.0 = Debug|x64
		{72C67E60-D137-4619-872B-2375C688F0B8}.Debug|x86.ActiveCfg = Debug|Win32
		{72C67E60-D137-4619-872B-2375C688F0B8}.Debug|x86.Build.0 = Debug|Win32
		{72C67E60-D137-4619-872B-2375C688F0B8}.Release|x64.ActiveCfg = Release|x64
		{72C67E60-D137-4619-872B-2375C688F0B8}.Release|x64.Build.0 = Release|x64
		{72C67E60-D137-4619-872B-2375C688F0B8}.Release|x86.ActiveCfg = Release|Win32
		{72C67E60-D137-4619-872B-2375C688F0B8}.Release|x86.Build.0 = Release|Win32
	EndGlobalSection
	GlobalSection(SolutionProperties) = preSolution
		HideSolutionNode = FALSE
	EndGlobalSection
	GlobalSection(ExtensibilityGlobals) = postSolution
		SolutionGuid = {7C47C936-E260-4F38-868D-7C0F35BAF775}
	EndGlobalSection
EndGlobal
